# THIS IS AN AUTOGENERATED FILE. DO NOT EDIT THIS FILE DIRECTLY.
# yarn lockfile v1


kmp-tor.resource-exec-tor-gpl.all@408.18.0-SNAPSHOT.0:
  version "408.18.0-SNAPSHOT.0"
  resolved "https://registry.yarnpkg.com/kmp-tor.resource-exec-tor-gpl.all/-/kmp-tor.resource-exec-tor-gpl.all-408.18.0-SNAPSHOT.0.tgz#ee488e905106768df2cef671e666e78c770bb77c"
  integrity sha512-ToxQyrxhO45mc5mHt+XbZFTkVYrkd7VM2ZuB4YSGcrTZFN6CqJnBpdlyZEOnjLeNTAu2iGFQD/kx5m0mfa2hIQ==
  dependencies:
    kmp-tor.resource-exec-tor-gpl.linux-android "408.18.0-SNAPSHOT.0"
    kmp-tor.resource-exec-tor-gpl.linux-libc "408.18.0-SNAPSHOT.0"
    kmp-tor.resource-exec-tor-gpl.linux-musl "408.18.0-SNAPSHOT.0"
    kmp-tor.resource-exec-tor-gpl.macos "408.18.0-SNAPSHOT.0"
    kmp-tor.resource-exec-tor-gpl.mingw "408.18.0-SNAPSHOT.0"

kmp-tor.resource-exec-tor-gpl.linux-android@408.18.0-SNAPSHOT.0:
  version "408.18.0-SNAPSHOT.0"
  resolved "https://registry.yarnpkg.com/kmp-tor.resource-exec-tor-gpl.linux-android/-/kmp-tor.resource-exec-tor-gpl.linux-android-408.18.0-SNAPSHOT.0.tgz#3d545a6a7dc3c2102b2ef8f054fed7038eae798f"
  integrity sha512-8AaCclZ8GOpFWxg7qIdJukD012Jvo7mMz8syVrlgWiVZS5pbBPXEvkCnqc0DssMTHUHVnIFzskloLmYCmeYmZQ==

kmp-tor.resource-exec-tor-gpl.linux-libc@408.18.0-SNAPSHOT.0:
  version "408.18.0-SNAPSHOT.0"
  resolved "https://registry.yarnpkg.com/kmp-tor.resource-exec-tor-gpl.linux-libc/-/kmp-tor.resource-exec-tor-gpl.linux-libc-408.18.0-SNAPSHOT.0.tgz#a9e9a86937e804aa580a0c77625e1ca5d76ac38a"
  integrity sha512-RN4/TkB/+vuzC8j2zP6GC2pL5KrwYsWVzi6SsUoVIWC4ngwCUUlzzpLQUTjdqRVDvs9mpbLn532HqoG5fWpuEA==

kmp-tor.resource-exec-tor-gpl.linux-musl@408.18.0-SNAPSHOT.0:
  version "408.18.0-SNAPSHOT.0"
  resolved "https://registry.yarnpkg.com/kmp-tor.resource-exec-tor-gpl.linux-musl/-/kmp-tor.resource-exec-tor-gpl.linux-musl-408.18.0-SNAPSHOT.0.tgz#658db4751b9091060040fb4919a31dda047e02dc"
  integrity sha512-/WI8jxCxVX6MVKKkwM6vyflX9BrZyRnuJVniU77tNnVUMrlEBL8ulJOQplyUQ0JYhtrosIKYqSp27u9ND3iDPw==

kmp-tor.resource-exec-tor-gpl.macos@408.18.0-SNAPSHOT.0:
  version "408.18.0-SNAPSHOT.0"
  resolved "https://registry.yarnpkg.com/kmp-tor.resource-exec-tor-gpl.macos/-/kmp-tor.resource-exec-tor-gpl.macos-408.18.0-SNAPSHOT.0.tgz#5b7366bbb4f7b963c99bc78501c96afdf2c7874d"
  integrity sha512-A0XqGPtj/cqYC82u/RNLUYiRVkRJELijIjfVW8FmRn2YnjLUFIP2P4LzCheCK0u9AMJSOKJfmOx4T6u/C8/+XA==

kmp-tor.resource-exec-tor-gpl.mingw@408.18.0-SNAPSHOT.0:
  version "408.18.0-SNAPSHOT.0"
  resolved "https://registry.yarnpkg.com/kmp-tor.resource-exec-tor-gpl.mingw/-/kmp-tor.resource-exec-tor-gpl.mingw-408.18.0-SNAPSHOT.0.tgz#9d0508ad7771e93c3e06355221819ca9e6d52569"
  integrity sha512-acPQ8T/f53a9bWKHwv8STpuJo66uFcDbcFq4VrNHAB2nHycutnVbchHb8CWAbtk0pJVPV1QTHTqhwweUDXRvSQ==

kmp-tor.resource-exec-tor.all@408.18.0-SNAPSHOT.0:
  version "408.18.0-SNAPSHOT.0"
  resolved "https://registry.yarnpkg.com/kmp-tor.resource-exec-tor.all/-/kmp-tor.resource-exec-tor.all-408.18.0-SNAPSHOT.0.tgz#56f91cb750c6f60d1f898b38391a0cac39abfc03"
  integrity sha512-CJVD9soP/YsnSGu2gcVjUrAjzXIpYQKZpy3uaqm5d37tGsF6R23ZfbB8sY/WAm+QZhLgnbJq5IfFjgQ383VU0A==
  dependencies:
    kmp-tor.resource-exec-tor.linux-android "408.18.0-SNAPSHOT.0"
    kmp-tor.resource-exec-tor.linux-libc "408.18.0-SNAPSHOT.0"
    kmp-tor.resource-exec-tor.linux-musl "408.18.0-SNAPSHOT.0"
    kmp-tor.resource-exec-tor.macos "408.18.0-SNAPSHOT.0"
    kmp-tor.resource-exec-tor.mingw "408.18.0-SNAPSHOT.0"

kmp-tor.resource-exec-tor.linux-android@408.18.0-SNAPSHOT.0:
  version "408.18.0-SNAPSHOT.0"
  resolved "https://registry.yarnpkg.com/kmp-tor.resource-exec-tor.linux-android/-/kmp-tor.resource-exec-tor.linux-android-408.18.0-SNAPSHOT.0.tgz#d6d41291a1622c0f061b7d1d0e2a7ba219fe4191"
  integrity sha512-CSqMyiMKA+N284RFHsDXLKbF7CKQWmKluEREmuxHd9yZ2Ae6XVb+poYIZBLQx6BHbNqMAPOwM35aEQfzWjuV+g==

kmp-tor.resource-exec-tor.linux-libc@408.18.0-SNAPSHOT.0:
  version "408.18.0-SNAPSHOT.0"
  resolved "https://registry.yarnpkg.com/kmp-tor.resource-exec-tor.linux-libc/-/kmp-tor.resource-exec-tor.linux-libc-408.18.0-SNAPSHOT.0.tgz#384dc7ef19a2b9300db4dd948c95019394feb1c9"
  integrity sha512-w97yjMAslVtZl6F5NrwAwjf0FQvf9lZijVq6jYooLjrv4fubd7Sah61RU8IE1tST+9mYcSiTTwem+Zdr0txYQg==

kmp-tor.resource-exec-tor.linux-musl@408.18.0-SNAPSHOT.0:
  version "408.18.0-SNAPSHOT.0"
  resolved "https://registry.yarnpkg.com/kmp-tor.resource-exec-tor.linux-musl/-/kmp-tor.resource-exec-tor.linux-musl-408.18.0-SNAPSHOT.0.tgz#abd803d99d4484c97ca87a8341a446abc559e2bd"
  integrity sha512-Da1WAPdMgfl3jFgQiGp3HCGayMTc+LunQhLYm1Ew0YZ6l+x+hy/+exRx4JDMfr2nRAhtOSX4PtuQVWpD25L8EQ==

kmp-tor.resource-exec-tor.macos@408.18.0-SNAPSHOT.0:
  version "408.18.0-SNAPSHOT.0"
  resolved "https://registry.yarnpkg.com/kmp-tor.resource-exec-tor.macos/-/kmp-tor.resource-exec-tor.macos-408.18.0-SNAPSHOT.0.tgz#b1626bae40aaeb6ee84f9227c13fd6a2ea6355ad"
  integrity sha512-42FfsHTgASwFyXhqSIFPln0j/2E4A9jDy0gMWhUUtSQQbgsTOmyBRVgRdOC4WRwzvqdk7if3wzhx4SAracHEGw==

kmp-tor.resource-exec-tor.mingw@408.18.0-SNAPSHOT.0:
  version "408.18.0-SNAPSHOT.0"
  resolved "https://registry.yarnpkg.com/kmp-tor.resource-exec-tor.mingw/-/kmp-tor.resource-exec-tor.mingw-408.18.0-SNAPSHOT.0.tgz#6c37fc18be61f0db4f5f2cfab3fc475c3f4303b2"
  integrity sha512-iw3SGPkFh1nv+RZ0OY1dlfdcSEy6un/jCImiUs3Ms6TqGAyvbSKAINcSEHobpK4lSyO5qPJ3Syla5GWqIfx67A==

kmp-tor.resource-geoip@408.18.0-SNAPSHOT.0:
  version "408.18.0-SNAPSHOT.0"
  resolved "https://registry.yarnpkg.com/kmp-tor.resource-geoip/-/kmp-tor.resource-geoip-408.18.0-SNAPSHOT.0.tgz#ff9cb8af8ae29b15e647fa50eb1a60e323170dd1"
  integrity sha512-7HuAgwJ3+B04xEZKBKR40Tdm89iG6cEXa5AhyzB9u29Uz+C5cC7j9KWAR/+JPgXrAr19EeSlhReP7I42Ndeb0w==
