# THIS IS AN AUTOGENERATED FILE. DO NOT EDIT THIS FILE DIRECTLY.
# yarn lockfile v1


kmp-tor.resource-exec-tor-gpl.all@408.19.0-SNAPSHOT.0:
  version "408.19.0-SNAPSHOT.0"
  resolved "https://registry.yarnpkg.com/kmp-tor.resource-exec-tor-gpl.all/-/kmp-tor.resource-exec-tor-gpl.all-408.19.0-SNAPSHOT.0.tgz#37129c2634632fd67617f30812569d6b84061a6c"
  integrity sha512-//rPgz3K09kNBLc6oktfJa5Esbak4mVXPE3fxj9pF0sv3JI2dQ/NFMhABL6xR2zg3VOmZBV6qtVfN8mUQaStwg==
  dependencies:
    kmp-tor.resource-exec-tor-gpl.linux-android "408.19.0-SNAPSHOT.0"
    kmp-tor.resource-exec-tor-gpl.linux-libc "408.19.0-SNAPSHOT.0"
    kmp-tor.resource-exec-tor-gpl.linux-musl "408.19.0-SNAPSHOT.0"
    kmp-tor.resource-exec-tor-gpl.macos "408.19.0-SNAPSHOT.0"
    kmp-tor.resource-exec-tor-gpl.mingw "408.19.0-SNAPSHOT.0"

kmp-tor.resource-exec-tor-gpl.linux-android@408.19.0-SNAPSHOT.0:
  version "408.19.0-SNAPSHOT.0"
  resolved "https://registry.yarnpkg.com/kmp-tor.resource-exec-tor-gpl.linux-android/-/kmp-tor.resource-exec-tor-gpl.linux-android-408.19.0-SNAPSHOT.0.tgz#8ff421f6026778e9af786546bcc2d8ef1bd303d6"
  integrity sha512-dzB8x9xCtAJQbat+VA5GiMJGrNXwrdPWQrgQVV6fFeFNnR/L1bEE+ItOsZTV05i0BL/3+ekHC4vIkEwCX+R5wQ==

kmp-tor.resource-exec-tor-gpl.linux-libc@408.19.0-SNAPSHOT.0:
  version "408.19.0-SNAPSHOT.0"
  resolved "https://registry.yarnpkg.com/kmp-tor.resource-exec-tor-gpl.linux-libc/-/kmp-tor.resource-exec-tor-gpl.linux-libc-408.19.0-SNAPSHOT.0.tgz#0e9c3ccbb13f26ec6b920b3f924042c63eecb28b"
  integrity sha512-dIZmVf1IuKSrV55ujOcDNQu93xKMUu2U+L8Bb1xv3T+qrj6GNSGsgAxgqNI3WZ0wEuVgs1V52XQ1uf4qI4rQwQ==

kmp-tor.resource-exec-tor-gpl.linux-musl@408.19.0-SNAPSHOT.0:
  version "408.19.0-SNAPSHOT.0"
  resolved "https://registry.yarnpkg.com/kmp-tor.resource-exec-tor-gpl.linux-musl/-/kmp-tor.resource-exec-tor-gpl.linux-musl-408.19.0-SNAPSHOT.0.tgz#fa11757f1035faa5183be7c0f56484bb9167a38e"
  integrity sha512-9pjuTdpsOEAsFGJVyPtSUYsjDd2mVB+Gm7+7sP6owo0OumL/tCLapK4+lZ60IveIQbRgFtl8ueuuMdf1Scy+UQ==

kmp-tor.resource-exec-tor-gpl.macos@408.19.0-SNAPSHOT.0:
  version "408.19.0-SNAPSHOT.0"
  resolved "https://registry.yarnpkg.com/kmp-tor.resource-exec-tor-gpl.macos/-/kmp-tor.resource-exec-tor-gpl.macos-408.19.0-SNAPSHOT.0.tgz#b18e1e7d793cab316056b6cf6021d45f5cdbbe70"
  integrity sha512-6hHQYeJ0ASqhfC7U8NRGL/IKZ3FVE6XtuWU+PxNDK1pjuQyw3cLXIS4og1pG8KDFwtWvRUnu4q/oh9eKYtmBkw==

kmp-tor.resource-exec-tor-gpl.mingw@408.19.0-SNAPSHOT.0:
  version "408.19.0-SNAPSHOT.0"
  resolved "https://registry.yarnpkg.com/kmp-tor.resource-exec-tor-gpl.mingw/-/kmp-tor.resource-exec-tor-gpl.mingw-408.19.0-SNAPSHOT.0.tgz#f46b475f47133b56707ad5e98cce6bdc28f0645b"
  integrity sha512-0TnXOKVF8+xCFJ+ApxVGA85z3OTiWWpuBHIAbf3QKQWwFaldKGulzUAto0szrVFnwoe9/B+2V3O2Ly5oxcvVyQ==

kmp-tor.resource-exec-tor.all@408.19.0-SNAPSHOT.0:
  version "408.19.0-SNAPSHOT.0"
  resolved "https://registry.yarnpkg.com/kmp-tor.resource-exec-tor.all/-/kmp-tor.resource-exec-tor.all-408.19.0-SNAPSHOT.0.tgz#04c3dfae26541537c3bce49fc5a06448f93c219a"
  integrity sha512-SXmk+m8myf6symN5w8hfaSI/HRD23FYdejUW1rbQuB9ojJFGv2uX0taLV/Ln7yGiNCtkjDfs8rkL3m0AHoWnRQ==
  dependencies:
    kmp-tor.resource-exec-tor.linux-android "408.19.0-SNAPSHOT.0"
    kmp-tor.resource-exec-tor.linux-libc "408.19.0-SNAPSHOT.0"
    kmp-tor.resource-exec-tor.linux-musl "408.19.0-SNAPSHOT.0"
    kmp-tor.resource-exec-tor.macos "408.19.0-SNAPSHOT.0"
    kmp-tor.resource-exec-tor.mingw "408.19.0-SNAPSHOT.0"

kmp-tor.resource-exec-tor.linux-android@408.19.0-SNAPSHOT.0:
  version "408.19.0-SNAPSHOT.0"
  resolved "https://registry.yarnpkg.com/kmp-tor.resource-exec-tor.linux-android/-/kmp-tor.resource-exec-tor.linux-android-408.19.0-SNAPSHOT.0.tgz#c54469f75d22f5a3d0bcc9e637f5d66c410804b1"
  integrity sha512-GyyRmsSmMIfcoIhTiOwEfJdDubbIzY5IvmpF+E0St3lh9h/6X/P7muIpx8L6bPX2WtnXL7kUq9IkYtV+74LeqQ==

kmp-tor.resource-exec-tor.linux-libc@408.19.0-SNAPSHOT.0:
  version "408.19.0-SNAPSHOT.0"
  resolved "https://registry.yarnpkg.com/kmp-tor.resource-exec-tor.linux-libc/-/kmp-tor.resource-exec-tor.linux-libc-408.19.0-SNAPSHOT.0.tgz#83d5e0f34b833dd7674be59fb9b6d8fa6dd85e64"
  integrity sha512-loqySK3cKjUZLorjXIr32SCx/YDu6upsl6o1vrLLhZPfcOLW8x0RhmiitvI1Ey18CF/BTuQeUHPvFirkDKgTag==

kmp-tor.resource-exec-tor.linux-musl@408.19.0-SNAPSHOT.0:
  version "408.19.0-SNAPSHOT.0"
  resolved "https://registry.yarnpkg.com/kmp-tor.resource-exec-tor.linux-musl/-/kmp-tor.resource-exec-tor.linux-musl-408.19.0-SNAPSHOT.0.tgz#4c90159f538b9f11792ffad2acac3b2256c5c082"
  integrity sha512-Bbj3wVwWjXOjMVnU74RpoYRsMIfzc17n2nCDDjcYEbfX54ZW9SanlLZuOYhIRZZcARGL69vSUztoID36FGDVfg==

kmp-tor.resource-exec-tor.macos@408.19.0-SNAPSHOT.0:
  version "408.19.0-SNAPSHOT.0"
  resolved "https://registry.yarnpkg.com/kmp-tor.resource-exec-tor.macos/-/kmp-tor.resource-exec-tor.macos-408.19.0-SNAPSHOT.0.tgz#28f31b563f6ccd5869c32a0eaca7641c43599e42"
  integrity sha512-9Xe7Zbh04o58W5B51qrRewHfhZ2Alg29KN2Y22O9St4NsZFEqEMd8oPFDZJFrEiL5ykCe7yWfSZhWwQg1b/U0w==

kmp-tor.resource-exec-tor.mingw@408.19.0-SNAPSHOT.0:
  version "408.19.0-SNAPSHOT.0"
  resolved "https://registry.yarnpkg.com/kmp-tor.resource-exec-tor.mingw/-/kmp-tor.resource-exec-tor.mingw-408.19.0-SNAPSHOT.0.tgz#4829b32f159e0978513e4b8122af68328cb0e2f9"
  integrity sha512-WpurHTqhwhyxkfbD8T9zoSkxON/EDaZkMNGJMaMOJBefq2l+kZzDjvWnLpVPe0Ie9m9pMG4pMxIbP2yv9G3YEQ==

kmp-tor.resource-geoip@408.19.0-SNAPSHOT.0:
  version "408.19.0-SNAPSHOT.0"
  resolved "https://registry.yarnpkg.com/kmp-tor.resource-geoip/-/kmp-tor.resource-geoip-408.19.0-SNAPSHOT.0.tgz#828bbdcdba597aaa6e1fb46379ad1b8c095d4e67"
  integrity sha512-ZuUhr9kR+B5Ek6gExzz/1qq6szw3HADiukBGx8L0eCgYKZJB42ADV5Tve3smLOy04suw7n1Ckc3H5RSovYy9VA==
