# THIS IS AN AUTOGENERATED FILE. DO NOT EDIT THIS FILE DIRECTLY.
# yarn lockfile v1


kmp-tor.resource-exec-tor-gpl.all@409.5.0-SNAPSHOT.0:
  version "409.5.0-SNAPSHOT.0"
  resolved "https://registry.yarnpkg.com/kmp-tor.resource-exec-tor-gpl.all/-/kmp-tor.resource-exec-tor-gpl.all-409.5.0-SNAPSHOT.0.tgz#3337f9ac9b0d6dc7fa1204e2f0a647be886dfc70"
  integrity sha512-Mq6WqMZm4kbsIi0/e0GcyT1gT7XkcSI1mOdU/vZxklGz97/VP7z3mrRF3YqsFletuoMVPdVHkX+ij8OUNFzVwA==
  dependencies:
    kmp-tor.resource-exec-tor-gpl.linux-android "409.5.0-SNAPSHOT.0"
    kmp-tor.resource-exec-tor-gpl.linux-libc "409.5.0-SNAPSHOT.0"
    kmp-tor.resource-exec-tor-gpl.linux-musl "409.5.0-SNAPSHOT.0"
    kmp-tor.resource-exec-tor-gpl.macos "409.5.0-SNAPSHOT.0"
    kmp-tor.resource-exec-tor-gpl.mingw "409.5.0-SNAPSHOT.0"

kmp-tor.resource-exec-tor-gpl.linux-android@409.5.0-SNAPSHOT.0:
  version "409.5.0-SNAPSHOT.0"
  resolved "https://registry.yarnpkg.com/kmp-tor.resource-exec-tor-gpl.linux-android/-/kmp-tor.resource-exec-tor-gpl.linux-android-409.5.0-SNAPSHOT.0.tgz#3c60f92b3cc5337b8dd03e9408a3d727bc54b7a9"
  integrity sha512-R2nwymno0y0QhR/aMV8qJnfRcWYtXDFC6+W3p+ddURkM6CnCHGanELFBjn82EHYH4t0c3cRcBcmZxW0lVTlUxA==

kmp-tor.resource-exec-tor-gpl.linux-libc@409.5.0-SNAPSHOT.0:
  version "409.5.0-SNAPSHOT.0"
  resolved "https://registry.yarnpkg.com/kmp-tor.resource-exec-tor-gpl.linux-libc/-/kmp-tor.resource-exec-tor-gpl.linux-libc-409.5.0-SNAPSHOT.0.tgz#57e54ff6a447ac91150799fad75929edd81264c7"
  integrity sha512-nsv017XtSGMFJq/ws7m3StixPf+KMDrC4BSKI8uV4VM8nMSnkYLIkKYzz10ehUCEJrQBHB0sjLz3VauKtNCnUg==

kmp-tor.resource-exec-tor-gpl.linux-musl@409.5.0-SNAPSHOT.0:
  version "409.5.0-SNAPSHOT.0"
  resolved "https://registry.yarnpkg.com/kmp-tor.resource-exec-tor-gpl.linux-musl/-/kmp-tor.resource-exec-tor-gpl.linux-musl-409.5.0-SNAPSHOT.0.tgz#d26da58881a61a5eb77e1dd1f6368f0cb12409af"
  integrity sha512-dhVtZk/G4Moze7Kn4kxCw8ZQfhh62gtDX87ieGqo+osbdybVFktwctclKnjEcsoKBQqnrT4uQXSp69jrIA53zw==

kmp-tor.resource-exec-tor-gpl.macos@409.5.0-SNAPSHOT.0:
  version "409.5.0-SNAPSHOT.0"
  resolved "https://registry.yarnpkg.com/kmp-tor.resource-exec-tor-gpl.macos/-/kmp-tor.resource-exec-tor-gpl.macos-409.5.0-SNAPSHOT.0.tgz#4f603496619385e7c0d600c26d78f7e37a6d2907"
  integrity sha512-f5IheDfxKPM7c48u+FNGZngAVCA1SSBTnEOynvNpGN2E+g7aGanMtG0ROj1GivVk64slTLjWX+eR538j3R6Y2A==

kmp-tor.resource-exec-tor-gpl.mingw@409.5.0-SNAPSHOT.0:
  version "409.5.0-SNAPSHOT.0"
  resolved "https://registry.yarnpkg.com/kmp-tor.resource-exec-tor-gpl.mingw/-/kmp-tor.resource-exec-tor-gpl.mingw-409.5.0-SNAPSHOT.0.tgz#42980d121e3e4c41a5832470c6c099b4b6076896"
  integrity sha512-AJR9IEkwiph7Dnkydj19UT7R8va3YiXiwBEpVXKumdB1MiW0dwvPejVfXGaUm6PA7wcpJqMMecS1AyODn0NFTQ==

kmp-tor.resource-exec-tor.all@409.5.0-SNAPSHOT.0:
  version "409.5.0-SNAPSHOT.0"
  resolved "https://registry.yarnpkg.com/kmp-tor.resource-exec-tor.all/-/kmp-tor.resource-exec-tor.all-409.5.0-SNAPSHOT.0.tgz#7a21bb7421a5412ea1e5fac8113651a14f56c7da"
  integrity sha512-iw9jJC639TpbiHh1Ou9RmJ0Lnw7EqPrwltIcB/EsnWbWVPUnxle4JzchEOhT1FGd+/rE+b4DRqjg1wNgZDyBPw==
  dependencies:
    kmp-tor.resource-exec-tor.linux-android "409.5.0-SNAPSHOT.0"
    kmp-tor.resource-exec-tor.linux-libc "409.5.0-SNAPSHOT.0"
    kmp-tor.resource-exec-tor.linux-musl "409.5.0-SNAPSHOT.0"
    kmp-tor.resource-exec-tor.macos "409.5.0-SNAPSHOT.0"
    kmp-tor.resource-exec-tor.mingw "409.5.0-SNAPSHOT.0"

kmp-tor.resource-exec-tor.linux-android@409.5.0-SNAPSHOT.0:
  version "409.5.0-SNAPSHOT.0"
  resolved "https://registry.yarnpkg.com/kmp-tor.resource-exec-tor.linux-android/-/kmp-tor.resource-exec-tor.linux-android-409.5.0-SNAPSHOT.0.tgz#5d2e8131e0b89590c891d745ffeab2d65585510d"
  integrity sha512-SwmmzCzS5dMEdjd4lFGFmz6jeVqFFUQ2QI+e/IuFGC3Ur6gy3mnzMiQkZCulqTphSq3XLT18X4WR10robI3+Wg==

kmp-tor.resource-exec-tor.linux-libc@409.5.0-SNAPSHOT.0:
  version "409.5.0-SNAPSHOT.0"
  resolved "https://registry.yarnpkg.com/kmp-tor.resource-exec-tor.linux-libc/-/kmp-tor.resource-exec-tor.linux-libc-409.5.0-SNAPSHOT.0.tgz#2a04f945dbe17b3c5d51683b6ab5259261a97265"
  integrity sha512-yuqlFewRdffbav+TrL/gmFPxLvkCoi/DK2i9GjBLjKsPOK5XmfBC4MLJdSyzs/ThM6fG/dz/3AXHfz160AY3dA==

kmp-tor.resource-exec-tor.linux-musl@409.5.0-SNAPSHOT.0:
  version "409.5.0-SNAPSHOT.0"
  resolved "https://registry.yarnpkg.com/kmp-tor.resource-exec-tor.linux-musl/-/kmp-tor.resource-exec-tor.linux-musl-409.5.0-SNAPSHOT.0.tgz#6f689b6da1e28eeb1270ade814cdf60ea798de29"
  integrity sha512-qC6kv30L9HNTGP+GlwSM9jr1UYfEPSOe6dXjJWFYg1U+v3cL/o5jlGj07BXxVtcuBhPl083mk/yYxpldYbtdOg==

kmp-tor.resource-exec-tor.macos@409.5.0-SNAPSHOT.0:
  version "409.5.0-SNAPSHOT.0"
  resolved "https://registry.yarnpkg.com/kmp-tor.resource-exec-tor.macos/-/kmp-tor.resource-exec-tor.macos-409.5.0-SNAPSHOT.0.tgz#2148145e0886a44ab829a89047a9c8d3b0071491"
  integrity sha512-jcEdAuTHfXLm+Mui1vJn4QzuWWPQy8IZAPRu7UR9LfFSW5QnuWls9X/JVeXS1c0PGhZ068NWZEDJYUIndhFwng==

kmp-tor.resource-exec-tor.mingw@409.5.0-SNAPSHOT.0:
  version "409.5.0-SNAPSHOT.0"
  resolved "https://registry.yarnpkg.com/kmp-tor.resource-exec-tor.mingw/-/kmp-tor.resource-exec-tor.mingw-409.5.0-SNAPSHOT.0.tgz#acf8b462c2add0a1457cecaf7e087545fb4422c8"
  integrity sha512-CaZpr6duIpt1G08zO5KMVGyszXcrNY5oAihBcjLh305AYeYzdXAkIwe1nG2lJPI6g8z0wBX27HOANgyVDK7mYQ==

kmp-tor.resource-geoip@409.5.0-SNAPSHOT.0:
  version "409.5.0-SNAPSHOT.0"
  resolved "https://registry.yarnpkg.com/kmp-tor.resource-geoip/-/kmp-tor.resource-geoip-409.5.0-SNAPSHOT.0.tgz#2ea780cd3bfa9277349bcf935b1719b82d6f15db"
  integrity sha512-K/3gQH8fLpSQqZhSNIMgeU4gUADUYjIxWjPxvhp/8Zub5SqyvmuE9nj7IDEFQhIdU4uz4Lhri7HJOLED62is3w==
